Microsoft Visual Studio Solution File, Format Version 12.00
# Visual Studio Version 17
Project("{9A19103F-16F7-4668-BE54-9A1E7A4F7556}") = "RevitPlugin", "src\RevitPlugin\RevitPlugin.csproj", "{B11111B1-1111-1111-1111-111111111111}"
EndProject
Project("{9A19103F-16F7-4668-BE54-9A1E7A4F7556}") = "RevitPlugin.Domain", "src\RevitPlugin.Domain\RevitPlugin.Domain.csproj", "{D22222D2-2222-2222-2222-222222222222}"
EndProject
Project("{9A19103F-16F7-4668-BE54-9A1E7A4F7556}") = "RevitPlugin.Tests", "src\RevitPlugin.Tests\RevitPlugin.Tests.csproj", "{T33333T3-3333-3333-3333-333333333333}"
EndProject
Global
	GlobalSection(SolutionConfigurationPlatforms) = preSolution
		Debug|Any CPU = Debug|Any CPU
		Release|Any CPU = Release|Any CPU
		Debug2024|Any CPU = Debug2024|Any CPU
		Release2024|Any CPU = Release2024|Any CPU
		Debug2025|Any CPU = Debug2025|Any CPU
		Release2025|Any CPU = Release2025|Any CPU
	EndGlobalSection
	GlobalSection(ProjectConfigurationPlatforms) = postSolution
		{B11111B1-1111-1111-1111-111111111111}.Debug|Any CPU.ActiveCfg = Debug2024|Any CPU
		{B11111B1-1111-1111-1111-111111111111}.Debug|Any CPU.Build.0 = Debug2024|Any CPU
		{B11111B1-1111-1111-1111-111111111111}.Release|Any CPU.ActiveCfg = Release2024|Any CPU
		{B11111B1-1111-1111-1111-111111111111}.Release|Any CPU.Build.0 = Release2024|Any CPU
		{B11111B1-1111-1111-1111-111111111111}.Debug2024|Any CPU.ActiveCfg = Debug2024|Any CPU
		{B11111B1-1111-1111-1111-111111111111}.Debug2024|Any CPU.Build.0 = Debug2024|Any CPU
		{B11111B1-1111-1111-1111-111111111111}.Release2024|Any CPU.ActiveCfg = Release2024|Any CPU
		{B11111B1-1111-1111-1111-111111111111}.Release2024|Any CPU.Build.0 = Release2024|Any CPU
		{B11111B1-1111-1111-1111-111111111111}.Debug2025|Any CPU.ActiveCfg = Debug2025|Any CPU
		{B11111B1-1111-1111-1111-111111111111}.Debug2025|Any CPU.Build.0 = Debug2025|Any CPU
		{B11111B1-1111-1111-1111-111111111111}.Release2025|Any CPU.ActiveCfg = Release2025|Any CPU
		{B11111B1-1111-1111-1111-111111111111}.Release2025|Any CPU.Build.0 = Release2025|Any CPU
		{D22222D2-2222-2222-2222-222222222222}.Debug|Any CPU.ActiveCfg = Debug|Any CPU
		{D22222D2-2222-2222-2222-222222222222}.Debug|Any CPU.Build.0 = Debug|Any CPU
		{D22222D2-2222-2222-2222-222222222222}.Release|Any CPU.ActiveCfg = Release|Any CPU
		{D22222D2-2222-2222-2222-222222222222}.Release|Any CPU.Build.0 = Release|Any CPU
		{T33333T3-3333-3333-3333-333333333333}.Debug|Any CPU.ActiveCfg = Debug|Any CPU
		{T33333T3-3333-3333-3333-333333333333}.Debug|Any CPU.Build.0 = Debug|Any CPU
		{T33333T3-3333-3333-3333-333333333333}.Release|Any CPU.ActiveCfg = Release|Any CPU
		{T33333T3-3333-3333-3333-333333333333}.Release|Any CPU.Build.0 = Release|Any CPU
	EndGlobalSection
EndGlobal
